
Microsoft Visual Studio Solution File, Format Version 12.00
# Visual Studio Version 16
VisualStudioVersion = 16.0.30517.126
MinimumVisualStudioVersion = 10.0.40219.1
Project("{2150E333-8FDC-42A3-9474-1A3956D46DE8}") = "Common", "Common", "{F2D625CE-E783-47FB-AE1A-CFAFCB158FF3}"
EndProject
Project("{9A19103F-16F7-4668-BE54-9A1E7A4F7556}") = "Common.Application", "Common\Common.Application\Common.Application.csproj", "{3A1DB814-DB3D-4E12-ACD2-7C802830ADF1}"
EndProject
Project("{9A19103F-16F7-4668-BE54-9A1E7A4F7556}") = "Common.Domain", "Common\Common.Domain\Common.Domain.csproj", "{AEB03930-1667-4706-B166-E1A812B1E007}"
EndProject
Project("{9A19103F-16F7-4668-BE54-9A1E7A4F7556}") = "Common.Infrastructure", "Common\Common.Infrastructure\Common.Infrastructure.csproj", "{E31357AF-2610-4EA9-8071-071991385A69}"
EndProject
Project("{2150E333-8FDC-42A3-9474-1A3956D46DE8}") = "Core", "Core", "{9284C5C3-0AD7-422D-BD1B-DC72404D1FDB}"
EndProject
Project("{9A19103F-16F7-4668-BE54-9A1E7A4F7556}") = "Core.Application", "Core\Core.Application\Core.Application.csproj", "{6B276E4D-D0C4-4210-BAB6-5042B691C002}"
EndProject
Project("{9A19103F-16F7-4668-BE54-9A1E7A4F7556}") = "Core.Domain", "Core\Core.Domain\Core.Domain.csproj", "{780E6CBC-3A38-4897-A3C4-8A8D8909BDBB}"
EndProject
Project("{9A19103F-16F7-4668-BE54-9A1E7A4F7556}") = "Core.Infrastructure", "Core\Core.Infrastructure\Core.Infrastructure.csproj", "{73358D57-2C79-4A5E-B25D-71CE796CAA58}"
EndProject
Project("{FAE04EC0-301F-11D3-BF4B-00C04F79EFBC}") = "Core.Web", "Core\Core.Web\Core.Web.csproj", "{8B3B1BAC-C9B9-4CEF-8889-1A2BD03F9ADC}"
EndProject
Global
	GlobalSection(SolutionConfigurationPlatforms) = preSolution
		Debug|Any CPU = Debug|Any CPU
		Release|Any CPU = Release|Any CPU
	EndGlobalSection
	GlobalSection(ProjectConfigurationPlatforms) = postSolution
		{3A1DB814-DB3D-4E12-ACD2-7C802830ADF1}.Debug|Any CPU.ActiveCfg = Debug|Any CPU
		{3A1DB814-DB3D-4E12-ACD2-7C802830ADF1}.Debug|Any CPU.Build.0 = Debug|Any CPU
		{3A1DB814-DB3D-4E12-ACD2-7C802830ADF1}.Release|Any CPU.ActiveCfg = Release|Any CPU
		{3A1DB814-DB3D-4E12-ACD2-7C802830ADF1}.Release|Any CPU.Build.0 = Release|Any CPU
		{AEB03930-1667-4706-B166-E1A812B1E007}.Debug|Any CPU.ActiveCfg = Debug|Any CPU
		{AEB03930-1667-4706-B166-E1A812B1E007}.Debug|Any CPU.Build.0 = Debug|Any CPU
		{AEB03930-1667-4706-B166-E1A812B1E007}.Release|Any CPU.ActiveCfg = Release|Any CPU
		{AEB03930-1667-4706-B166-E1A812B1E007}.Release|Any CPU.Build.0 = Release|Any CPU
		{E31357AF-2610-4EA9-8071-071991385A69}.Debug|Any CPU.ActiveCfg = Debug|Any CPU
		{E31357AF-2610-4EA9-8071-071991385A69}.Debug|Any CPU.Build.0 = Debug|Any CPU
		{E31357AF-2610-4EA9-8071-071991385A69}.Release|Any CPU.ActiveCfg = Release|Any CPU
		{E31357AF-2610-4EA9-8071-071991385A69}.Release|Any CPU.Build.0 = Release|Any CPU
		{6B276E4D-D0C4-4210-BAB6-5042B691C002}.Debug|Any CPU.ActiveCfg = Debug|Any CPU
		{6B276E4D-D0C4-4210-BAB6-5042B691C002}.Debug|Any CPU.Build.0 = Debug|Any CPU
		{6B276E4D-D0C4-4210-BAB6-5042B691C002}.Release|Any CPU.ActiveCfg = Release|Any CPU
		{6B276E4D-D0C4-4210-BAB6-5042B691C002}.Release|Any CPU.Build.0 = Release|Any CPU
		{780E6CBC-3A38-4897-A3C4-8A8D8909BDBB}.Debug|Any CPU.ActiveCfg = Debug|Any CPU
		{780E6CBC-3A38-4897-A3C4-8A8D8909BDBB}.Debug|Any CPU.Build.0 = Debug|Any CPU
		{780E6CBC-3A38-4897-A3C4-8A8D8909BDBB}.Release|Any CPU.ActiveCfg = Release|Any CPU
		{780E6CBC-3A38-4897-A3C4-8A8D8909BDBB}.Release|Any CPU.Build.0 = Release|Any CPU
		{73358D57-2C79-4A5E-B25D-71CE796CAA58}.Debug|Any CPU.ActiveCfg = Debug|Any CPU
		{73358D57-2C79-4A5E-B25D-71CE796CAA58}.Debug|Any CPU.Build.0 = Debug|Any CPU
		{73358D57-2C79-4A5E-B25D-71CE796CAA58}.Release|Any CPU.ActiveCfg = Release|Any CPU
		{73358D57-2C79-4A5E-B25D-71CE796CAA58}.Release|Any CPU.Build.0 = Release|Any CPU
		{8B3B1BAC-C9B9-4CEF-8889-1A2BD03F9ADC}.Debug|Any CPU.ActiveCfg = Debug|Any CPU
		{8B3B1BAC-C9B9-4CEF-8889-1A2BD03F9ADC}.Debug|Any CPU.Build.0 = Debug|Any CPU
		{8B3B1BAC-C9B9-4CEF-8889-1A2BD03F9ADC}.Release|Any CPU.ActiveCfg = Release|Any CPU
		{8B3B1BAC-C9B9-4CEF-8889-1A2BD03F9ADC}.Release|Any CPU.Build.0 = Release|Any CPU
	EndGlobalSection
	GlobalSection(SolutionProperties) = preSolution
		HideSolutionNode = FALSE
	EndGlobalSection
	GlobalSection(NestedProjects) = preSolution
		{3A1DB814-DB3D-4E12-ACD2-7C802830ADF1} = {F2D625CE-E783-47FB-AE1A-CFAFCB158FF3}
		{AEB03930-1667-4706-B166-E1A812B1E007} = {F2D625CE-E783-47FB-AE1A-CFAFCB158FF3}
		{E31357AF-2610-4EA9-8071-071991385A69} = {F2D625CE-E783-47FB-AE1A-CFAFCB158FF3}
		{6B276E4D-D0C4-4210-BAB6-5042B691C002} = {9284C5C3-0AD7-422D-BD1B-DC72404D1FDB}
		{780E6CBC-3A38-4897-A3C4-8A8D8909BDBB} = {9284C5C3-0AD7-422D-BD1B-DC72404D1FDB}
		{73358D57-2C79-4A5E-B25D-71CE796CAA58} = {9284C5C3-0AD7-422D-BD1B-DC72404D1FDB}
		{8B3B1BAC-C9B9-4CEF-8889-1A2BD03F9ADC} = {9284C5C3-0AD7-422D-BD1B-DC72404D1FDB}
	EndGlobalSection
	GlobalSection(ExtensibilityGlobals) = postSolution
		SolutionGuid = {C21085D9-33C4-472F-A526-9A601C9145A0}
	EndGlobalSection
EndGlobal
