
Microsoft Visual Studio Solution File, Format Version 12.00
# Visual Studio Version 16
VisualStudioVersion = 16.0.30413.136
MinimumVisualStudioVersion = 10.0.40219.1
Project("{9A19103F-16F7-4668-BE54-9A1E7A4F7556}") = "Hotel.Domain", "Domain\Hotel.Domain\Hotel.Domain.csproj", "{20536AF5-FFA7-4ED6-ABA1-7122815432D9}"
EndProject
Project("{9A19103F-16F7-4668-BE54-9A1E7A4F7556}") = "Hotel.Infrastructure", "Infrastructure\Hotel.Infrastructure\Hotel.Infrastructure.csproj", "{42805108-F402-4738-AE03-ADDE65CCC4D0}"
EndProject
Project("{9A19103F-16F7-4668-BE54-9A1E7A4F7556}") = "Hotel.Application", "Application\Hotel.Application\Hotel.Application.csproj", "{A95BA508-53C3-4456-A8B8-19D8394F81F1}"
EndProject
Project("{FAE04EC0-301F-11D3-BF4B-00C04F79EFBC}") = "Hotel.Startup", "Startup\Hotel.Startup\Hotel.Startup.csproj", "{8D81D888-B8B3-4C93-9C2A-88CF3DC3F703}"
EndProject
Project("{FAE04EC0-301F-11D3-BF4B-00C04F79EFBC}") = "Hotel.Web", "Web\Hotel.Web\Hotel.Web.csproj", "{79CBC08A-9003-4445-8338-D08D7D126AB9}"
EndProject
Global
	GlobalSection(SolutionConfigurationPlatforms) = preSolution
		Debug|Any CPU = Debug|Any CPU
		Release|Any CPU = Release|Any CPU
	EndGlobalSection
	GlobalSection(ProjectConfigurationPlatforms) = postSolution
		{20536AF5-FFA7-4ED6-ABA1-7122815432D9}.Debug|Any CPU.ActiveCfg = Debug|Any CPU
		{20536AF5-FFA7-4ED6-ABA1-7122815432D9}.Debug|Any CPU.Build.0 = Debug|Any CPU
		{20536AF5-FFA7-4ED6-ABA1-7122815432D9}.Release|Any CPU.ActiveCfg = Release|Any CPU
		{20536AF5-FFA7-4ED6-ABA1-7122815432D9}.Release|Any CPU.Build.0 = Release|Any CPU
		{42805108-F402-4738-AE03-ADDE65CCC4D0}.Debug|Any CPU.ActiveCfg = Debug|Any CPU
		{42805108-F402-4738-AE03-ADDE65CCC4D0}.Debug|Any CPU.Build.0 = Debug|Any CPU
		{42805108-F402-4738-AE03-ADDE65CCC4D0}.Release|Any CPU.ActiveCfg = Release|Any CPU
		{42805108-F402-4738-AE03-ADDE65CCC4D0}.Release|Any CPU.Build.0 = Release|Any CPU
		{A95BA508-53C3-4456-A8B8-19D8394F81F1}.Debug|Any CPU.ActiveCfg = Debug|Any CPU
		{A95BA508-53C3-4456-A8B8-19D8394F81F1}.Debug|Any CPU.Build.0 = Debug|Any CPU
		{A95BA508-53C3-4456-A8B8-19D8394F81F1}.Release|Any CPU.ActiveCfg = Release|Any CPU
		{A95BA508-53C3-4456-A8B8-19D8394F81F1}.Release|Any CPU.Build.0 = Release|Any CPU
		{8D81D888-B8B3-4C93-9C2A-88CF3DC3F703}.Debug|Any CPU.ActiveCfg = Debug|Any CPU
		{8D81D888-B8B3-4C93-9C2A-88CF3DC3F703}.Debug|Any CPU.Build.0 = Debug|Any CPU
		{8D81D888-B8B3-4C93-9C2A-88CF3DC3F703}.Release|Any CPU.ActiveCfg = Release|Any CPU
		{8D81D888-B8B3-4C93-9C2A-88CF3DC3F703}.Release|Any CPU.Build.0 = Release|Any CPU
		{79CBC08A-9003-4445-8338-D08D7D126AB9}.Debug|Any CPU.ActiveCfg = Debug|Any CPU
		{79CBC08A-9003-4445-8338-D08D7D126AB9}.Debug|Any CPU.Build.0 = Debug|Any CPU
		{79CBC08A-9003-4445-8338-D08D7D126AB9}.Release|Any CPU.ActiveCfg = Release|Any CPU
		{79CBC08A-9003-4445-8338-D08D7D126AB9}.Release|Any CPU.Build.0 = Release|Any CPU
	EndGlobalSection
	GlobalSection(SolutionProperties) = preSolution
		HideSolutionNode = FALSE
	EndGlobalSection
	GlobalSection(ExtensibilityGlobals) = postSolution
		SolutionGuid = {4D6A8848-A93A-4BC9-B780-0561DA7DE5EA}
	EndGlobalSection
EndGlobal
